# THIS IS AN AUTOGENERATED FILE. DO NOT EDIT THIS FILE DIRECTLY.
# yarn lockfile v1


"@discordjs/builders@^0.3.0":
  version "0.3.0"
  resolved "https://registry.yarnpkg.com/@discordjs/builders/-/builders-0.3.0.tgz#af507c1c5a39039ebdba7233c7eb404c873b6f7a"
  integrity sha512-yFBPqohVAtCWoDTQCYk5ubgmkiRbGpbiR4RfYGHCmV5S2YZc7j8WzfKVksjuy2o5IWRfXFsW6G2Lr+KpW41pEA==
  dependencies:
    "@sindresorhus/is" "^4.0.1"
    discord-api-types "^0.22.0"
    ow "^0.26.0"
    ts-mixer "^5.4.1"
    tslib "^2.3.0"

"@discordjs/collection@^0.2.1":
  version "0.2.1"
  resolved "https://registry.yarnpkg.com/@discordjs/collection/-/collection-0.2.1.tgz#ea4bc7b41b7b7b6daa82e439141222ec95c469b2"
  integrity sha512-vhxqzzM8gkomw0TYRF3tgx7SwElzUlXT/Aa41O7mOcyN6wIJfj5JmDWaO5XGKsGSsNx7F3i5oIlrucCCWV1Nog==

"@discordjs/form-data@^3.0.1":
  version "3.0.1"
  resolved "https://registry.yarnpkg.com/@discordjs/form-data/-/form-data-3.0.1.tgz#5c9e6be992e2e57d0dfa0e39979a850225fb4697"
  integrity sha512-ZfFsbgEXW71Rw/6EtBdrP5VxBJy4dthyC0tpQKGKmYFImlmmrykO14Za+BiIVduwjte0jXEBlhSKf0MWbFp9Eg==
  dependencies:
    asynckit "^0.4.0"
    combined-stream "^1.0.8"
    mime-types "^2.1.12"

"@dynamic-amm/sdk@^3.0.8":
  version "3.0.9"
  resolved "https://registry.yarnpkg.com/@dynamic-amm/sdk/-/sdk-3.0.9.tgz#2921757b2491624e30efd0388270d4409e9c7ff2"
  integrity sha512-LH+nTe++ypLZeGVAukQCaE8ckz7n0rINGbxz9sxm4JiLbnMYXwoX2/A4ys4Rks4TDZtj2KsVpzzYZ/UUaD+paw==
  dependencies:
    "@ethersproject/address" "^5.0.2"
    "@ethersproject/contracts" "^5.0.2"
    "@ethersproject/networks" "^5.0.2"
    "@ethersproject/providers" "^5.0.5"
    "@ethersproject/solidity" "^5.0.2"
    big.js "^5.2.2"
    decimal.js-light "^2.5.0"
    jsbi "^3.1.1"
    tiny-invariant "^1.1.0"
    tiny-warning "^1.0.3"
    toformat "^2.0.0"

"@ethersproject/abi@5.0.12":
  version "5.0.12"
  resolved "https://registry.yarnpkg.com/@ethersproject/abi/-/abi-5.0.12.tgz#9aebe6aedc05ce45bb6c41b06d80bd195b7de77c"
  integrity sha512-Ujr/3bwyYYjXLDQfebeiiTuvOw9XtUKM8av6YkoBeMXyGQM9GkjrQlwJMNwGTmqjATH/ZNbRgCh98GjOLiIB1Q==
  dependencies:
    "@ethersproject/address" "^5.0.9"
    "@ethersproject/bignumber" "^5.0.13"
    "@ethersproject/bytes" "^5.0.9"
    "@ethersproject/constants" "^5.0.8"
    "@ethersproject/hash" "^5.0.10"
    "@ethersproject/keccak256" "^5.0.7"
    "@ethersproject/logger" "^5.0.8"
    "@ethersproject/properties" "^5.0.7"
    "@ethersproject/strings" "^5.0.8"

"@ethersproject/abi@^5.0.10", "@ethersproject/abi@^5.4.0":
  version "5.4.0"
  resolved "https://registry.yarnpkg.com/@ethersproject/abi/-/abi-5.4.0.tgz#a6d63bdb3672f738398846d4279fa6b6c9818242"
  integrity sha512-9gU2H+/yK1j2eVMdzm6xvHSnMxk8waIHQGYCZg5uvAyH0rsAzxkModzBSpbAkAuhKFEovC2S9hM4nPuLym8IZw==
  dependencies:
    "@ethersproject/address" "^5.4.0"
    "@ethersproject/bignumber" "^5.4.0"
    "@ethersproject/bytes" "^5.4.0"
    "@ethersproject/constants" "^5.4.0"
    "@ethersproject/hash" "^5.4.0"
    "@ethersproject/keccak256" "^5.4.0"
    "@ethersproject/logger" "^5.4.0"
    "@ethersproject/properties" "^5.4.0"
    "@ethersproject/strings" "^5.4.0"

"@ethersproject/abstract-provider@5.0.9":
  version "5.0.9"
  resolved "https://registry.yarnpkg.com/@ethersproject/abstract-provider/-/abstract-provider-5.0.9.tgz#a55410b73e3994842884eb82b1f43e3a9f653eea"
  integrity sha512-X9fMkqpeu9ayC3JyBkeeZhn35P4xQkpGX/l+FrxDtEW9tybf/UWXSMi8bGThpPtfJ6q6U2LDetXSpSwK4TfYQQ==
  dependencies:
    "@ethersproject/bignumber" "^5.0.13"
    "@ethersproject/bytes" "^5.0.9"
    "@ethersproject/logger" "^5.0.8"
    "@ethersproject/networks" "^5.0.7"
    "@ethersproject/properties" "^5.0.7"
    "@ethersproject/transactions" "^5.0.9"
    "@ethersproject/web" "^5.0.12"

"@ethersproject/abstract-provider@^5.0.8", "@ethersproject/abstract-provider@^5.4.0":
  version "5.4.0"
  resolved "https://registry.yarnpkg.com/@ethersproject/abstract-provider/-/abstract-provider-5.4.0.tgz#415331031b0f678388971e1987305244edc04e1d"
  integrity sha512-vPBR7HKUBY0lpdllIn7tLIzNN7DrVnhCLKSzY0l8WAwxz686m/aL7ASDzrVxV93GJtIub6N2t4dfZ29CkPOxgA==
  dependencies:
    "@ethersproject/bignumber" "^5.4.0"
    "@ethersproject/bytes" "^5.4.0"
    "@ethersproject/logger" "^5.4.0"
    "@ethersproject/networks" "^5.4.0"
    "@ethersproject/properties" "^5.4.0"
    "@ethersproject/transactions" "^5.4.0"
    "@ethersproject/web" "^5.4.0"

"@ethersproject/abstract-signer@5.0.12":
  version "5.0.12"
  resolved "https://registry.yarnpkg.com/@ethersproject/abstract-signer/-/abstract-signer-5.0.12.tgz#04ab597eb87a08faaab19dd5a739339e1e3beb58"
  integrity sha512-qt4jAEzQGPZ31My1gFGPzzJHJveYhVycW7RHkuX0W8fvMdg7wr0uvP7mQEptMVrb+jYwsVktCf6gBGwWDpFiTA==
  dependencies:
    "@ethersproject/abstract-provider" "^5.0.8"
    "@ethersproject/bignumber" "^5.0.13"
    "@ethersproject/bytes" "^5.0.9"
    "@ethersproject/logger" "^5.0.8"
    "@ethersproject/properties" "^5.0.7"

"@ethersproject/abstract-signer@^5.0.10", "@ethersproject/abstract-signer@^5.4.0":
  version "5.4.1"
  resolved "https://registry.yarnpkg.com/@ethersproject/abstract-signer/-/abstract-signer-5.4.1.tgz#e4e9abcf4dd4f1ba0db7dff9746a5f78f355ea81"
  integrity sha512-SkkFL5HVq1k4/25dM+NWP9MILgohJCgGv5xT5AcRruGz4ILpfHeBtO/y6j+Z3UN/PAjDeb4P7E51Yh8wcGNLGA==
  dependencies:
    "@ethersproject/abstract-provider" "^5.4.0"
    "@ethersproject/bignumber" "^5.4.0"
    "@ethersproject/bytes" "^5.4.0"
    "@ethersproject/logger" "^5.4.0"
    "@ethersproject/properties" "^5.4.0"

"@ethersproject/address@5.0.10":
  version "5.0.10"
  resolved "https://registry.yarnpkg.com/@ethersproject/address/-/address-5.0.10.tgz#2bc69fdff4408e0570471cd19dee577ab06a10d0"
  integrity sha512-70vqESmW5Srua1kMDIN6uVfdneZMaMyRYH4qPvkAXGkbicrCOsA9m01vIloA4wYiiF+HLEfL1ENKdn5jb9xiAw==
  dependencies:
    "@ethersproject/bignumber" "^5.0.13"
    "@ethersproject/bytes" "^5.0.9"
    "@ethersproject/keccak256" "^5.0.7"
    "@ethersproject/logger" "^5.0.8"
    "@ethersproject/rlp" "^5.0.7"

"@ethersproject/address@^5.0.2", "@ethersproject/address@^5.0.9", "@ethersproject/address@^5.4.0":
  version "5.4.0"
  resolved "https://registry.yarnpkg.com/@ethersproject/address/-/address-5.4.0.tgz#ba2d00a0f8c4c0854933b963b9a3a9f6eb4a37a3"
  integrity sha512-SD0VgOEkcACEG/C6xavlU1Hy3m5DGSXW3CUHkaaEHbAPPsgi0coP5oNPsxau8eTlZOk/bpa/hKeCNoK5IzVI2Q==
  dependencies:
    "@ethersproject/bignumber" "^5.4.0"
    "@ethersproject/bytes" "^5.4.0"
    "@ethersproject/keccak256" "^5.4.0"
    "@ethersproject/logger" "^5.4.0"
    "@ethersproject/rlp" "^5.4.0"

"@ethersproject/base64@5.0.8":
  version "5.0.8"
  resolved "https://registry.yarnpkg.com/@ethersproject/base64/-/base64-5.0.8.tgz#1bc4b4b8c59c1debf972c7164b96c0b8964a20a1"
  integrity sha512-PNbpHOMgZpZ1skvQl119pV2YkCPXmZTxw+T92qX0z7zaMFPypXWTZBzim+hUceb//zx4DFjeGT4aSjZRTOYThg==
  dependencies:
    "@ethersproject/bytes" "^5.0.9"

"@ethersproject/base64@^5.0.7", "@ethersproject/base64@^5.4.0":
  version "5.4.0"
  resolved "https://registry.yarnpkg.com/@ethersproject/base64/-/base64-5.4.0.tgz#7252bf65295954c9048c7ca5f43e5c86441b2a9a"
  integrity sha512-CjQw6E17QDSSC5jiM9YpF7N1aSCHmYGMt9bWD8PWv6YPMxjsys2/Q8xLrROKI3IWJ7sFfZ8B3flKDTM5wlWuZQ==
  dependencies:
    "@ethersproject/bytes" "^5.4.0"

"@ethersproject/basex@5.0.8":
  version "5.0.8"
  resolved "https://registry.yarnpkg.com/@ethersproject/basex/-/basex-5.0.8.tgz#6867fad20047aa29fbd4b880f27894ed04cc7bb8"
  integrity sha512-PCVKZIShBQUqAXjJSvaCidThPvL0jaaQZcewJc0sf8Xx05BizaOS8r3jdPdpNdY+/qZtRDqwHTSKjvR/xssyLQ==
  dependencies:
    "@ethersproject/bytes" "^5.0.9"
    "@ethersproject/properties" "^5.0.7"

"@ethersproject/basex@^5.0.7", "@ethersproject/basex@^5.4.0":
  version "5.4.0"
  resolved "https://registry.yarnpkg.com/@ethersproject/basex/-/basex-5.4.0.tgz#0a2da0f4e76c504a94f2b21d3161ed9438c7f8a6"
  integrity sha512-J07+QCVJ7np2bcpxydFVf/CuYo9mZ7T73Pe7KQY4c1lRlrixMeblauMxHXD0MPwFmUHZIILDNViVkykFBZylbg==
  dependencies:
    "@ethersproject/bytes" "^5.4.0"
    "@ethersproject/properties" "^5.4.0"

"@ethersproject/bignumber@5.0.14":
  version "5.0.14"
  resolved "https://registry.yarnpkg.com/@ethersproject/bignumber/-/bignumber-5.0.14.tgz#605bc61dcbd4a8c6df8b5a7a77c0210273f3de8a"
  integrity sha512-Q4TjMq9Gg3Xzj0aeJWqJgI3tdEiPiET7Y5OtNtjTAODZ2kp4y9jMNg97zVcvPedFvGROdpGDyCI77JDFodUzOw==
  dependencies:
    "@ethersproject/bytes" "^5.0.9"
    "@ethersproject/logger" "^5.0.8"
    bn.js "^4.4.0"

"@ethersproject/bignumber@^5.0.13", "@ethersproject/bignumber@^5.4.0":
  version "5.4.1"
  resolved "https://registry.yarnpkg.com/@ethersproject/bignumber/-/bignumber-5.4.1.tgz#64399d3b9ae80aa83d483e550ba57ea062c1042d"
  integrity sha512-fJhdxqoQNuDOk6epfM7yD6J8Pol4NUCy1vkaGAkuujZm0+lNow//MKu1hLhRiYV4BsOHyBv5/lsTjF+7hWwhJg==
  dependencies:
    "@ethersproject/bytes" "^5.4.0"
    "@ethersproject/logger" "^5.4.0"
    bn.js "^4.11.9"

"@ethersproject/bytes@5.0.10":
  version "5.0.10"
  resolved "https://registry.yarnpkg.com/@ethersproject/bytes/-/bytes-5.0.10.tgz#aa49afe7491ba24ff76fa33d98677351263f9ba4"
  integrity sha512-vpu0v1LZ1j1s9kERQIMnVU69MyHEzUff7nqK9XuCU4vx+AM8n9lU2gj7jtJIvGSt9HzatK/6I6bWusI5nyuaTA==
  dependencies:
    "@ethersproject/logger" "^5.0.8"

"@ethersproject/bytes@^5.0.9", "@ethersproject/bytes@^5.4.0":
  version "5.4.0"
  resolved "https://registry.yarnpkg.com/@ethersproject/bytes/-/bytes-5.4.0.tgz#56fa32ce3bf67153756dbaefda921d1d4774404e"
  integrity sha512-H60ceqgTHbhzOj4uRc/83SCN9d+BSUnOkrr2intevqdtEMO1JFVZ1XL84OEZV+QjV36OaZYxtnt4lGmxcGsPfA==
  dependencies:
    "@ethersproject/logger" "^5.4.0"

"@ethersproject/constants@5.0.9":
  version "5.0.9"
  resolved "https://registry.yarnpkg.com/@ethersproject/constants/-/constants-5.0.9.tgz#81ac44c3bf612de63eb1c490b314ea1b932cda9f"
  integrity sha512-2uAKH89UcaJP/Sc+54u92BtJtZ4cPgcS1p0YbB1L3tlkavwNvth+kNCUplIB1Becqs7BOZr0B/3dMNjhJDy4Dg==
  dependencies:
    "@ethersproject/bignumber" "^5.0.13"

"@ethersproject/constants@^5.0.8", "@ethersproject/constants@^5.4.0":
  version "5.4.0"
  resolved "https://registry.yarnpkg.com/@ethersproject/constants/-/constants-5.4.0.tgz#ee0bdcb30bf1b532d2353c977bf2ef1ee117958a"
  integrity sha512-tzjn6S7sj9+DIIeKTJLjK9WGN2Tj0P++Z8ONEIlZjyoTkBuODN+0VfhAyYksKi43l1Sx9tX2VlFfzjfmr5Wl3Q==
  dependencies:
    "@ethersproject/bignumber" "^5.4.0"

"@ethersproject/contracts@5.0.10":
  version "5.0.10"
  resolved "https://registry.yarnpkg.com/@ethersproject/contracts/-/contracts-5.0.10.tgz#650cbf6f3cf89a63006ea91727a68aee4dc3381f"
  integrity sha512-h9kdvllwT6B1LyUXeNQIb7Y6u6ZprP5LUiQIjSqvOehhm1sFZcaVtydsSa0LIg3SBC5QF0M7zH5p7EtI2VD0rQ==
  dependencies:
    "@ethersproject/abi" "^5.0.10"
    "@ethersproject/abstract-provider" "^5.0.8"
    "@ethersproject/abstract-signer" "^5.0.10"
    "@ethersproject/address" "^5.0.9"
    "@ethersproject/bignumber" "^5.0.13"
    "@ethersproject/bytes" "^5.0.9"
    "@ethersproject/constants" "^5.0.8"
    "@ethersproject/logger" "^5.0.8"
    "@ethersproject/properties" "^5.0.7"

"@ethersproject/contracts@^5.0.2":
  version "5.4.1"
  resolved "https://registry.yarnpkg.com/@ethersproject/contracts/-/contracts-5.4.1.tgz#3eb4f35b7fe60a962a75804ada2746494df3e470"
  integrity sha512-m+z2ZgPy4pyR15Je//dUaymRUZq5MtDajF6GwFbGAVmKz/RF+DNIPwF0k5qEcL3wPGVqUjFg2/krlCRVTU4T5w==
  dependencies:
    "@ethersproject/abi" "^5.4.0"
    "@ethersproject/abstract-provider" "^5.4.0"
    "@ethersproject/abstract-signer" "^5.4.0"
    "@ethersproject/address" "^5.4.0"
    "@ethersproject/bignumber" "^5.4.0"
    "@ethersproject/bytes" "^5.4.0"
    "@ethersproject/constants" "^5.4.0"
    "@ethersproject/logger" "^5.4.0"
    "@ethersproject/properties" "^5.4.0"
    "@ethersproject/transactions" "^5.4.0"

"@ethersproject/hash@5.0.11":
  version "5.0.11"
  resolved "https://registry.yarnpkg.com/@ethersproject/hash/-/hash-5.0.11.tgz#da89517438bbbf8a39df56fff09f0a71669ae7a7"
  integrity sha512-H3KJ9fk33XWJ2djAW03IL7fg3DsDMYjO1XijiUb1hJ85vYfhvxu0OmsU7d3tg2Uv1H1kFSo8ghr3WFQ8c+NL3g==
  dependencies:
    "@ethersproject/abstract-signer" "^5.0.10"
    "@ethersproject/address" "^5.0.9"
    "@ethersproject/bignumber" "^5.0.13"
    "@ethersproject/bytes" "^5.0.9"
    "@ethersproject/keccak256" "^5.0.7"
    "@ethersproject/logger" "^5.0.8"
    "@ethersproject/properties" "^5.0.7"
    "@ethersproject/strings" "^5.0.8"

"@ethersproject/hash@^5.0.10", "@ethersproject/hash@^5.4.0":
  version "5.4.0"
  resolved "https://registry.yarnpkg.com/@ethersproject/hash/-/hash-5.4.0.tgz#d18a8e927e828e22860a011f39e429d388344ae0"
  integrity sha512-xymAM9tmikKgbktOCjW60Z5sdouiIIurkZUr9oW5NOex5uwxrbsYG09kb5bMcNjlVeJD3yPivTNzViIs1GCbqA==
  dependencies:
    "@ethersproject/abstract-signer" "^5.4.0"
    "@ethersproject/address" "^5.4.0"
    "@ethersproject/bignumber" "^5.4.0"
    "@ethersproject/bytes" "^5.4.0"
    "@ethersproject/keccak256" "^5.4.0"
    "@ethersproject/logger" "^5.4.0"
    "@ethersproject/properties" "^5.4.0"
    "@ethersproject/strings" "^5.4.0"

"@ethersproject/hdnode@5.0.9":
  version "5.0.9"
  resolved "https://registry.yarnpkg.com/@ethersproject/hdnode/-/hdnode-5.0.9.tgz#ce65b430d3d3f0cd3c8f9dfaaf376b55881d9dba"
  integrity sha512-S5UMmIC6XfFtqhUK4uTjD8GPNzSbE+sZ/0VMqFnA3zAJ+cEFZuEyhZDYnl2ItGJzjT4jsy+uEy1SIl3baYK1PQ==
  dependencies:
    "@ethersproject/abstract-signer" "^5.0.10"
    "@ethersproject/basex" "^5.0.7"
    "@ethersproject/bignumber" "^5.0.13"
    "@ethersproject/bytes" "^5.0.9"
    "@ethersproject/logger" "^5.0.8"
    "@ethersproject/pbkdf2" "^5.0.7"
    "@ethersproject/properties" "^5.0.7"
    "@ethersproject/sha2" "^5.0.7"
    "@ethersproject/signing-key" "^5.0.8"
    "@ethersproject/strings" "^5.0.8"
    "@ethersproject/transactions" "^5.0.9"
    "@ethersproject/wordlists" "^5.0.8"

"@ethersproject/hdnode@^5.0.8", "@ethersproject/hdnode@^5.4.0":
  version "5.4.0"
  resolved "https://registry.yarnpkg.com/@ethersproject/hdnode/-/hdnode-5.4.0.tgz#4bc9999b9a12eb5ce80c5faa83114a57e4107cac"
  integrity sha512-pKxdS0KAaeVGfZPp1KOiDLB0jba11tG6OP1u11QnYfb7pXn6IZx0xceqWRr6ygke8+Kw74IpOoSi7/DwANhy8Q==
  dependencies:
    "@ethersproject/abstract-signer" "^5.4.0"
    "@ethersproject/basex" "^5.4.0"
    "@ethersproject/bignumber" "^5.4.0"
    "@ethersproject/bytes" "^5.4.0"
    "@ethersproject/logger" "^5.4.0"
    "@ethersproject/pbkdf2" "^5.4.0"
    "@ethersproject/properties" "^5.4.0"
    "@ethersproject/sha2" "^5.4.0"
    "@ethersproject/signing-key" "^5.4.0"
    "@ethersproject/strings" "^5.4.0"
    "@ethersproject/transactions" "^5.4.0"
    "@ethersproject/wordlists" "^5.4.0"

"@ethersproject/json-wallets@5.0.11":
  version "5.0.11"
  resolved "https://registry.yarnpkg.com/@ethersproject/json-wallets/-/json-wallets-5.0.11.tgz#86fdc41b7762acb443d6a896f6c61231ab2aee5d"
  integrity sha512-0GhWScWUlXXb4qJNp0wmkU95QS3YdN9UMOfMSEl76CRANWWrmyzxcBVSXSBu5iQ0/W8wO+xGlJJ3tpA6v3mbIw==
  dependencies:
    "@ethersproject/abstract-signer" "^5.0.10"
    "@ethersproject/address" "^5.0.9"
    "@ethersproject/bytes" "^5.0.9"
    "@ethersproject/hdnode" "^5.0.8"
    "@ethersproject/keccak256" "^5.0.7"
    "@ethersproject/logger" "^5.0.8"
    "@ethersproject/pbkdf2" "^5.0.7"
    "@ethersproject/properties" "^5.0.7"
    "@ethersproject/random" "^5.0.7"
    "@ethersproject/strings" "^5.0.8"
    "@ethersproject/transactions" "^5.0.9"
    aes-js "3.0.0"
    scrypt-js "3.0.1"

"@ethersproject/json-wallets@^5.0.10":
  version "5.4.0"
  resolved "https://registry.yarnpkg.com/@ethersproject/json-wallets/-/json-wallets-5.4.0.tgz#2583341cfe313fc9856642e8ace3080154145e95"
  integrity sha512-igWcu3fx4aiczrzEHwG1xJZo9l1cFfQOWzTqwRw/xcvxTk58q4f9M7cjh51EKphMHvrJtcezJ1gf1q1AUOfEQQ==
  dependencies:
    "@ethersproject/abstract-signer" "^5.4.0"
    "@ethersproject/address" "^5.4.0"
    "@ethersproject/bytes" "^5.4.0"
    "@ethersproject/hdnode" "^5.4.0"
    "@ethersproject/keccak256" "^5.4.0"
    "@ethersproject/logger" "^5.4.0"
    "@ethersproject/pbkdf2" "^5.4.0"
    "@ethersproject/properties" "^5.4.0"
    "@ethersproject/random" "^5.4.0"
    "@ethersproject/strings" "^5.4.0"
    "@ethersproject/transactions" "^5.4.0"
    aes-js "3.0.0"
    scrypt-js "3.0.1"

"@ethersproject/keccak256@5.0.8":
  version "5.0.8"
  resolved "https://registry.yarnpkg.com/@ethersproject/keccak256/-/keccak256-5.0.8.tgz#13aaf69e1c8bd15fc59a2ebd055c0878f2a059c8"
  integrity sha512-zoGbwXcWWs9MX4NOAZ7N0hhgIRl4Q/IO/u9c/RHRY4WqDy3Ywm0OLamEV53QDwhjwn3YiiVwU1Ve5j7yJ0a/KQ==
  dependencies:
    "@ethersproject/bytes" "^5.0.9"
    js-sha3 "0.5.7"

"@ethersproject/keccak256@^5.0.7", "@ethersproject/keccak256@^5.4.0":
  version "5.4.0"
  resolved "https://registry.yarnpkg.com/@ethersproject/keccak256/-/keccak256-5.4.0.tgz#7143b8eea4976080241d2bd92e3b1f1bf7025318"
  integrity sha512-FBI1plWet+dPUvAzPAeHzRKiPpETQzqSUWR1wXJGHVWi4i8bOSrpC3NwpkPjgeXG7MnugVc1B42VbfnQikyC/A==
  dependencies:
    "@ethersproject/bytes" "^5.4.0"
    js-sha3 "0.5.7"

"@ethersproject/logger@5.0.9":
  version "5.0.9"
  resolved "https://registry.yarnpkg.com/@ethersproject/logger/-/logger-5.0.9.tgz#0e6a0b3ecc938713016954daf4ac7967467aa763"
  integrity sha512-kV3Uamv3XOH99Xf3kpIG3ZkS7mBNYcLDM00JSDtNgNB4BihuyxpQzIZPRIDmRi+95Z/R1Bb0X2kUNHa/kJoVrw==

"@ethersproject/logger@^5.0.8", "@ethersproject/logger@^5.4.0":
  version "5.4.0"
  resolved "https://registry.yarnpkg.com/@ethersproject/logger/-/logger-5.4.0.tgz#f39adadf62ad610c420bcd156fd41270e91b3ca9"
  integrity sha512-xYdWGGQ9P2cxBayt64d8LC8aPFJk6yWCawQi/4eJ4+oJdMMjEBMrIcIMZ9AxhwpPVmnBPrsB10PcXGmGAqgUEQ==

"@ethersproject/networks@5.0.8":
  version "5.0.8"
  resolved "https://registry.yarnpkg.com/@ethersproject/networks/-/networks-5.0.8.tgz#37e6f8c058f2d540373ea5939056cd3de069132e"
  integrity sha512-PYpptlO2Tu5f/JEBI5hdlMds5k1DY1QwVbh3LKPb3un9dQA2bC51vd2/gRWAgSBpF3kkmZOj4FhD7ATLX4H+DA==
  dependencies:
    "@ethersproject/logger" "^5.0.8"

"@ethersproject/networks@^5.0.2", "@ethersproject/networks@^5.0.7", "@ethersproject/networks@^5.4.0":
  version "5.4.1"
  resolved "https://registry.yarnpkg.com/@ethersproject/networks/-/networks-5.4.1.tgz#2ce83b8e42aa85216e5d277a7952d97b6ce8d852"
  integrity sha512-8SvowCKz9Uf4xC5DTKI8+il8lWqOr78kmiqAVLYT9lzB8aSmJHQMD1GSuJI0CW4hMAnzocpGpZLgiMdzsNSPig==
  dependencies:
    "@ethersproject/logger" "^5.4.0"

"@ethersproject/pbkdf2@5.0.8":
  version "5.0.8"
  resolved "https://registry.yarnpkg.com/@ethersproject/pbkdf2/-/pbkdf2-5.0.8.tgz#06a086b1ac04c75e6846afd6cf6170a49a634411"
  integrity sha512-UlmAMGbIPaS2xXsI38FbePVTfJMuU9jnwcqVn3p88HxPF4kD897ha+l3TNsBqJqf32UbQL5GImnf1oJkSKq4vQ==
  dependencies:
    "@ethersproject/bytes" "^5.0.9"
    "@ethersproject/sha2" "^5.0.7"

"@ethersproject/pbkdf2@^5.0.7", "@ethersproject/pbkdf2@^5.4.0":
  version "5.4.0"
  resolved "https://registry.yarnpkg.com/@ethersproject/pbkdf2/-/pbkdf2-5.4.0.tgz#ed88782a67fda1594c22d60d0ca911a9d669641c"
  integrity sha512-x94aIv6tiA04g6BnazZSLoRXqyusawRyZWlUhKip2jvoLpzJuLb//KtMM6PEovE47pMbW+Qe1uw+68ameJjB7g==
  dependencies:
    "@ethersproject/bytes" "^5.4.0"
    "@ethersproject/sha2" "^5.4.0"

"@ethersproject/properties@5.0.8":
  version "5.0.8"
  resolved "https://registry.yarnpkg.com/@ethersproject/properties/-/properties-5.0.8.tgz#e45d28d25402c73394873dbf058f856c966cae01"
  integrity sha512-zEnLMze2Eu2VDPj/05QwCwMKHh506gpT9PP9KPVd4dDB+5d6AcROUYVLoIIQgBYK7X/Gw0UJmG3oVtnxOQafAw==
  dependencies:
    "@ethersproject/logger" "^5.0.8"

"@ethersproject/properties@^5.0.7", "@ethersproject/properties@^5.4.0":
  version "5.4.0"
  resolved "https://registry.yarnpkg.com/@ethersproject/properties/-/properties-5.4.0.tgz#38ba20539b44dcc5d5f80c45ad902017dcdbefe7"
  integrity sha512-7jczalGVRAJ+XSRvNA6D5sAwT4gavLq3OXPuV/74o3Rd2wuzSL035IMpIMgei4CYyBdialJMrTqkOnzccLHn4A==
  dependencies:
    "@ethersproject/logger" "^5.4.0"

"@ethersproject/providers@5.0.22":
  version "5.0.22"
  resolved "https://registry.yarnpkg.com/@ethersproject/providers/-/providers-5.0.22.tgz#a84b48d74d7f243d1f4f5c789c4a3342bd3f690c"
  integrity sha512-6C6agQsz/7FRFfZFok+m1HVUS6G+IU1grLwBx9+W11SF3UeP8vquXRMVDfOiKWyvy+g4bJT1+9C/QuC8lG08DQ==
  dependencies:
    "@ethersproject/abstract-provider" "^5.0.8"
    "@ethersproject/abstract-signer" "^5.0.10"
    "@ethersproject/address" "^5.0.9"
    "@ethersproject/basex" "^5.0.7"
    "@ethersproject/bignumber" "^5.0.13"
    "@ethersproject/bytes" "^5.0.9"
    "@ethersproject/constants" "^5.0.8"
    "@ethersproject/hash" "^5.0.10"
    "@ethersproject/logger" "^5.0.8"
    "@ethersproject/networks" "^5.0.7"
    "@ethersproject/properties" "^5.0.7"
    "@ethersproject/random" "^5.0.7"
    "@ethersproject/rlp" "^5.0.7"
    "@ethersproject/sha2" "^5.0.7"
    "@ethersproject/strings" "^5.0.8"
    "@ethersproject/transactions" "^5.0.9"
    "@ethersproject/web" "^5.0.12"
    bech32 "1.1.4"
    ws "7.2.3"

"@ethersproject/providers@^5.0.5":
  version "5.4.3"
  resolved "https://registry.yarnpkg.com/@ethersproject/providers/-/providers-5.4.3.tgz#4cd7ccd9e12bc3875b33df8b24abf735663958a5"
  integrity sha512-VURwkaWPoUj7jq9NheNDT5Iyy64Qcyf6BOFDwVdHsmLmX/5prNjFrgSX3GHPE4z1BRrVerDxe2yayvXKFm/NNg==
  dependencies:
    "@ethersproject/abstract-provider" "^5.4.0"
    "@ethersproject/abstract-signer" "^5.4.0"
    "@ethersproject/address" "^5.4.0"
    "@ethersproject/basex" "^5.4.0"
    "@ethersproject/bignumber" "^5.4.0"
    "@ethersproject/bytes" "^5.4.0"
    "@ethersproject/constants" "^5.4.0"
    "@ethersproject/hash" "^5.4.0"
    "@ethersproject/logger" "^5.4.0"
    "@ethersproject/networks" "^5.4.0"
    "@ethersproject/properties" "^5.4.0"
    "@ethersproject/random" "^5.4.0"
    "@ethersproject/rlp" "^5.4.0"
    "@ethersproject/sha2" "^5.4.0"
    "@ethersproject/strings" "^5.4.0"
    "@ethersproject/transactions" "^5.4.0"
    "@ethersproject/web" "^5.4.0"
    bech32 "1.1.4"
    ws "7.4.6"

"@ethersproject/random@5.0.8":
  version "5.0.8"
  resolved "https://registry.yarnpkg.com/@ethersproject/random/-/random-5.0.8.tgz#8d3726be48e95467abce9b23c93adbb1de009dda"
  integrity sha512-4rHtotmd9NjklW0eDvByicEkL+qareIyFSbG1ShC8tPJJSAC0g55oQWzw+3nfdRCgBHRuEE7S8EcPcTVPvZ9cA==
  dependencies:
    "@ethersproject/bytes" "^5.0.9"
    "@ethersproject/logger" "^5.0.8"

"@ethersproject/random@^5.0.7", "@ethersproject/random@^5.4.0":
  version "5.4.0"
  resolved "https://registry.yarnpkg.com/@ethersproject/random/-/random-5.4.0.tgz#9cdde60e160d024be39cc16f8de3b9ce39191e16"
  integrity sha512-pnpWNQlf0VAZDEOVp1rsYQosmv2o0ITS/PecNw+mS2/btF8eYdspkN0vIXrCMtkX09EAh9bdk8GoXmFXM1eAKw==
  dependencies:
    "@ethersproject/bytes" "^5.4.0"
    "@ethersproject/logger" "^5.4.0"

"@ethersproject/rlp@5.0.8":
  version "5.0.8"
  resolved "https://registry.yarnpkg.com/@ethersproject/rlp/-/rlp-5.0.8.tgz#ff54e206d0ae28640dd054f2bcc7070f06f9dfbe"
  integrity sha512-E4wdFs8xRNJfzNHmnkC8w5fPeT4Wd1U2cust3YeT16/46iSkLT8nn8ilidC6KhR7hfuSZE4UqSPzyk76p7cdZg==
  dependencies:
    "@ethersproject/bytes" "^5.0.9"
    "@ethersproject/logger" "^5.0.8"

"@ethersproject/rlp@^5.0.7", "@ethersproject/rlp@^5.4.0":
  version "5.4.0"
  resolved "https://registry.yarnpkg.com/@ethersproject/rlp/-/rlp-5.4.0.tgz#de61afda5ff979454e76d3b3310a6c32ad060931"
  integrity sha512-0I7MZKfi+T5+G8atId9QaQKHRvvasM/kqLyAH4XxBCBchAooH2EX5rL9kYZWwcm3awYV+XC7VF6nLhfeQFKVPg==
  dependencies:
    "@ethersproject/bytes" "^5.4.0"
    "@ethersproject/logger" "^5.4.0"

"@ethersproject/sha2@5.0.8":
  version "5.0.8"
  resolved "https://registry.yarnpkg.com/@ethersproject/sha2/-/sha2-5.0.8.tgz#9903c67e562739d8b312820b0a265b9c9bf35fc3"
  integrity sha512-ILP1ZgyvDj4rrdE+AXrTv9V88m7x87uga2VZ/FeULKPumOEw/4bGnJz/oQ8zDnDvVYRCJ+48VaQBS2CFLbk1ww==
  dependencies:
    "@ethersproject/bytes" "^5.0.9"
    "@ethersproject/logger" "^5.0.8"
    hash.js "1.1.3"

"@ethersproject/sha2@^5.0.7", "@ethersproject/sha2@^5.4.0":
  version "5.4.0"
  resolved "https://registry.yarnpkg.com/@ethersproject/sha2/-/sha2-5.4.0.tgz#c9a8db1037014cbc4e9482bd662f86c090440371"
  integrity sha512-siheo36r1WD7Cy+bDdE1BJ8y0bDtqXCOxRMzPa4bV1TGt/eTUUt03BHoJNB6reWJD8A30E/pdJ8WFkq+/uz4Gg==
  dependencies:
    "@ethersproject/bytes" "^5.4.0"
    "@ethersproject/logger" "^5.4.0"
    hash.js "1.1.7"

"@ethersproject/signing-key@5.0.10":
  version "5.0.10"
  resolved "https://registry.yarnpkg.com/@ethersproject/signing-key/-/signing-key-5.0.10.tgz#05e26e04f0aa5360dc78674d7331bacea8fea5c1"
  integrity sha512-w5it3GbFOvN6e0mTd5gDNj+bwSe6L9jqqYjU+uaYS8/hAEp4qYLk5p8ZjbJJkNn7u1p0iwocp8X9oH/OdK8apA==
  dependencies:
    "@ethersproject/bytes" "^5.0.9"
    "@ethersproject/logger" "^5.0.8"
    "@ethersproject/properties" "^5.0.7"
    elliptic "6.5.4"

"@ethersproject/signing-key@^5.0.8", "@ethersproject/signing-key@^5.4.0":
  version "5.4.0"
  resolved "https://registry.yarnpkg.com/@ethersproject/signing-key/-/signing-key-5.4.0.tgz#2f05120984e81cf89a3d5f6dec5c68ee0894fbec"
  integrity sha512-q8POUeywx6AKg2/jX9qBYZIAmKSB4ubGXdQ88l40hmATj29JnG5pp331nAWwwxPn2Qao4JpWHNZsQN+bPiSW9A==
  dependencies:
    "@ethersproject/bytes" "^5.4.0"
    "@ethersproject/logger" "^5.4.0"
    "@ethersproject/properties" "^5.4.0"
    bn.js "^4.11.9"
    elliptic "6.5.4"
    hash.js "1.1.7"

"@ethersproject/solidity@5.0.9":
  version "5.0.9"
  resolved "https://registry.yarnpkg.com/@ethersproject/solidity/-/solidity-5.0.9.tgz#49100fbe9f364ac56f7ff7c726f4f3d151901134"
  integrity sha512-LIxSAYEQgLRXE3mRPCq39ou61kqP8fDrGqEeNcaNJS3aLbmAOS8MZp56uK++WsdI9hj8sNsFh78hrAa6zR9Jag==
  dependencies:
    "@ethersproject/bignumber" "^5.0.13"
    "@ethersproject/bytes" "^5.0.9"
    "@ethersproject/keccak256" "^5.0.7"
    "@ethersproject/sha2" "^5.0.7"
    "@ethersproject/strings" "^5.0.8"

"@ethersproject/solidity@^5.0.2":
  version "5.4.0"
  resolved "https://registry.yarnpkg.com/@ethersproject/solidity/-/solidity-5.4.0.tgz#1305e058ea02dc4891df18b33232b11a14ece9ec"
  integrity sha512-XFQTZ7wFSHOhHcV1DpcWj7VXECEiSrBuv7JErJvB9Uo+KfCdc3QtUZV+Vjh/AAaYgezUEKbCtE6Khjm44seevQ==
  dependencies:
    "@ethersproject/bignumber" "^5.4.0"
    "@ethersproject/bytes" "^5.4.0"
    "@ethersproject/keccak256" "^5.4.0"
    "@ethersproject/sha2" "^5.4.0"
    "@ethersproject/strings" "^5.4.0"

"@ethersproject/strings@5.0.9":
  version "5.0.9"
  resolved "https://registry.yarnpkg.com/@ethersproject/strings/-/strings-5.0.9.tgz#8e2eb2918b140231e1d1b883d77e43213a8ac280"
  integrity sha512-ogxBpcUpdO524CYs841MoJHgHxEPUy0bJFDS4Ezg8My+WYVMfVAOlZSLss0Rurbeeam8CpUVDzM4zUn09SU66Q==
  dependencies:
    "@ethersproject/bytes" "^5.0.9"
    "@ethersproject/constants" "^5.0.8"
    "@ethersproject/logger" "^5.0.8"

"@ethersproject/strings@^5.0.8", "@ethersproject/strings@^5.4.0":
  version "5.4.0"
  resolved "https://registry.yarnpkg.com/@ethersproject/strings/-/strings-5.4.0.tgz#fb12270132dd84b02906a8d895ae7e7fa3d07d9a"
  integrity sha512-k/9DkH5UGDhv7aReXLluFG5ExurwtIpUfnDNhQA29w896Dw3i4uDTz01Quaptbks1Uj9kI8wo9tmW73wcIEaWA==
  dependencies:
    "@ethersproject/bytes" "^5.4.0"
    "@ethersproject/constants" "^5.4.0"
    "@ethersproject/logger" "^5.4.0"

"@ethersproject/transactions@5.0.10":
  version "5.0.10"
  resolved "https://registry.yarnpkg.com/@ethersproject/transactions/-/transactions-5.0.10.tgz#d50cafd80d27206336f80114bc0f18bc18687331"
  integrity sha512-Tqpp+vKYQyQdJQQk4M73tDzO7ODf2D42/sJOcKlDAAbdSni13v6a+31hUdo02qYXhVYwIs+ZjHnO4zKv5BNk8w==
  dependencies:
    "@ethersproject/address" "^5.0.9"
    "@ethersproject/bignumber" "^5.0.13"
    "@ethersproject/bytes" "^5.0.9"
    "@ethersproject/constants" "^5.0.8"
    "@ethersproject/keccak256" "^5.0.7"
    "@ethersproject/logger" "^5.0.8"
    "@ethersproject/properties" "^5.0.7"
    "@ethersproject/rlp" "^5.0.7"
    "@ethersproject/signing-key" "^5.0.8"

"@ethersproject/transactions@^5.0.9", "@ethersproject/transactions@^5.4.0":
  version "5.4.0"
  resolved "https://registry.yarnpkg.com/@ethersproject/transactions/-/transactions-5.4.0.tgz#a159d035179334bd92f340ce0f77e83e9e1522e0"
  integrity sha512-s3EjZZt7xa4BkLknJZ98QGoIza94rVjaEed0rzZ/jB9WrIuu/1+tjvYCWzVrystXtDswy7TPBeIepyXwSYa4WQ==
  dependencies:
    "@ethersproject/address" "^5.4.0"
    "@ethersproject/bignumber" "^5.4.0"
    "@ethersproject/bytes" "^5.4.0"
    "@ethersproject/constants" "^5.4.0"
    "@ethersproject/keccak256" "^5.4.0"
    "@ethersproject/logger" "^5.4.0"
    "@ethersproject/properties" "^5.4.0"
    "@ethersproject/rlp" "^5.4.0"
    "@ethersproject/signing-key" "^5.4.0"

"@ethersproject/units@5.0.10":
  version "5.0.10"
  resolved "https://registry.yarnpkg.com/@ethersproject/units/-/units-5.0.10.tgz#9cca3b65cd0c92fab1bd33f2abd233546dd61987"
  integrity sha512-eaiHi9ham5lbC7qpqxpae7OY/nHJUnRUnFFuEwi2VB5Nwe3Np468OAV+e+HR+jAK4fHXQE6PFBTxWGtnZuO37g==
  dependencies:
    "@ethersproject/bignumber" "^5.0.13"
    "@ethersproject/constants" "^5.0.8"
    "@ethersproject/logger" "^5.0.8"

"@ethersproject/wallet@5.0.11":
  version "5.0.11"
  resolved "https://registry.yarnpkg.com/@ethersproject/wallet/-/wallet-5.0.11.tgz#9891936089d1b91e22ed59f850bc344b1544bf26"
  integrity sha512-2Fg/DOvUltR7aZTOyWWlQhru+SKvq2UE3uEhXSyCFgMqDQNuc2nHXh1SHJtN65jsEbjVIppOe1Q7EQMvhmeeRw==
  dependencies:
    "@ethersproject/abstract-provider" "^5.0.8"
    "@ethersproject/abstract-signer" "^5.0.10"
    "@ethersproject/address" "^5.0.9"
    "@ethersproject/bignumber" "^5.0.13"
    "@ethersproject/bytes" "^5.0.9"
    "@ethersproject/hash" "^5.0.10"
    "@ethersproject/hdnode" "^5.0.8"
    "@ethersproject/json-wallets" "^5.0.10"
    "@ethersproject/keccak256" "^5.0.7"
    "@ethersproject/logger" "^5.0.8"
    "@ethersproject/properties" "^5.0.7"
    "@ethersproject/random" "^5.0.7"
    "@ethersproject/signing-key" "^5.0.8"
    "@ethersproject/transactions" "^5.0.9"
    "@ethersproject/wordlists" "^5.0.8"

"@ethersproject/web@5.0.13":
  version "5.0.13"
  resolved "https://registry.yarnpkg.com/@ethersproject/web/-/web-5.0.13.tgz#5a92ac6d835d2ebce95b6b645a86668736e2f532"
  integrity sha512-G3x/Ns7pQm21ALnWLbdBI5XkW/jrsbXXffI9hKNPHqf59mTxHYtlNiSwxdoTSwCef3Hn7uvGZpaSgTyxs7IufQ==
  dependencies:
    "@ethersproject/base64" "^5.0.7"
    "@ethersproject/bytes" "^5.0.9"
    "@ethersproject/logger" "^5.0.8"
    "@ethersproject/properties" "^5.0.7"
    "@ethersproject/strings" "^5.0.8"

"@ethersproject/web@^5.0.12", "@ethersproject/web@^5.4.0":
  version "5.4.0"
  resolved "https://registry.yarnpkg.com/@ethersproject/web/-/web-5.4.0.tgz#49fac173b96992334ed36a175538ba07a7413d1f"
  integrity sha512-1bUusGmcoRLYgMn6c1BLk1tOKUIFuTg8j+6N8lYlbMpDesnle+i3pGSagGNvwjaiLo4Y5gBibwctpPRmjrh4Og==
  dependencies:
    "@ethersproject/base64" "^5.4.0"
    "@ethersproject/bytes" "^5.4.0"
    "@ethersproject/logger" "^5.4.0"
    "@ethersproject/properties" "^5.4.0"
    "@ethersproject/strings" "^5.4.0"

"@ethersproject/wordlists@5.0.9":
  version "5.0.9"
  resolved "https://registry.yarnpkg.com/@ethersproject/wordlists/-/wordlists-5.0.9.tgz#f16cc0b317637c3ae9c689ebd7bc2cbbffadd013"
  integrity sha512-Sn6MTjZkfbriod6GG6+p43W09HOXT4gwcDVNj0YoPYlo4Zq2Fk6b1CU9KUX3c6aI17PrgYb4qwZm5BMuORyqyQ==
  dependencies:
    "@ethersproject/bytes" "^5.0.9"
    "@ethersproject/hash" "^5.0.10"
    "@ethersproject/logger" "^5.0.8"
    "@ethersproject/properties" "^5.0.7"
    "@ethersproject/strings" "^5.0.8"

"@ethersproject/wordlists@^5.0.8", "@ethersproject/wordlists@^5.4.0":
  version "5.4.0"
  resolved "https://registry.yarnpkg.com/@ethersproject/wordlists/-/wordlists-5.4.0.tgz#f34205ec3bbc9e2c49cadaee774cf0b07e7573d7"
  integrity sha512-FemEkf6a+EBKEPxlzeVgUaVSodU7G0Na89jqKjmWMlDB0tomoU8RlEMgUvXyqtrg8N4cwpLh8nyRnm1Nay1isA==
  dependencies:
    "@ethersproject/bytes" "^5.4.0"
    "@ethersproject/hash" "^5.4.0"
    "@ethersproject/logger" "^5.4.0"
    "@ethersproject/properties" "^5.4.0"
    "@ethersproject/strings" "^5.4.0"

"@graphql-typed-document-node/core@^3.1.0":
  version "3.1.0"
  resolved "https://registry.yarnpkg.com/@graphql-typed-document-node/core/-/core-3.1.0.tgz#0eee6373e11418bfe0b5638f654df7a4ca6a3950"
  integrity sha512-wYn6r8zVZyQJ6rQaALBEln5B1pzxb9shV5Ef97kTvn6yVGrqyXVnDqnU24MXnFubR+rZjBY9NWuxX3FB2sTsjg==

"@sapphire/async-queue@^1.1.4":
  version "1.1.4"
  resolved "https://registry.yarnpkg.com/@sapphire/async-queue/-/async-queue-1.1.4.tgz#ae431310917a8880961cebe8e59df6ffa40f2957"
  integrity sha512-fFrlF/uWpGOX5djw5Mu2Hnnrunao75WGey0sP0J3jnhmrJ5TAPzHYOmytD5iN/+pMxS+f+u/gezqHa9tPhRHEA==

"@sindresorhus/is@^4.0.1":
  version "4.0.1"
  resolved "https://registry.yarnpkg.com/@sindresorhus/is/-/is-4.0.1.tgz#d26729db850fa327b7cacc5522252194404226f5"
  integrity sha512-Qm9hBEBu18wt1PO2flE7LPb30BHMQt1eQgbV76YntdNk73XZGpn3izvGTYxbGgzXKgbCjiia0uxTd3aTNQrY/g==

"@types/node@*":
  version "16.4.12"
  resolved "https://registry.yarnpkg.com/@types/node/-/node-16.4.12.tgz#961e3091f263e6345d2d84afab4e047a60b4b11b"
  integrity sha512-zxrTNFl9Z8boMJXs6ieqZP0wAhvkdzmHSxTlJabM16cf5G9xBc1uPRH5Bbv2omEDDiM8MzTfqTJXBf0Ba4xFWA==

"@types/ws@^7.4.5":
  version "7.4.7"
  resolved "https://registry.yarnpkg.com/@types/ws/-/ws-7.4.7.tgz#f7c390a36f7a0679aa69de2d501319f4f8d9b702"
  integrity sha512-JQbbmxZTZehdc2iszGKs5oC3NFnjeay7mtAWrdt7qNtAVK0g19muApzAy4bm9byz79xa2ZnO/BOBC2R8RC5Lww==
  dependencies:
    "@types/node" "*"

"@uniswap/sdk@^3.0.3":
  version "3.0.3"
  resolved "https://registry.yarnpkg.com/@uniswap/sdk/-/sdk-3.0.3.tgz#8201c7c72215d0030cb99acc7e661eff895c18a9"
  integrity sha512-t4s8bvzaCFSiqD2qfXIm3rWhbdnXp+QjD3/mRaeVDHK7zWevs6RGEb1ohMiNgOCTZANvBayb4j8p+XFdnMBadQ==
  dependencies:
    "@uniswap/v2-core" "^1.0.0"
    big.js "^5.2.2"
    decimal.js-light "^2.5.0"
    jsbi "^3.1.1"
    tiny-invariant "^1.1.0"
    tiny-warning "^1.0.3"
    toformat "^2.0.0"

"@uniswap/v2-core@^1.0.0":
  version "1.0.1"
  resolved "https://registry.yarnpkg.com/@uniswap/v2-core/-/v2-core-1.0.1.tgz#af8f508bf183204779938969e2e54043e147d425"
  integrity sha512-MtybtkUPSyysqLY2U210NBDeCHX+ltHt3oADGdjqoThZaFRDKwM6k1Nb3F0A3hk5hwuQvytFWhrWHOEq6nVJ8Q==

"@urql/core@^2.1.5":
  version "2.1.5"
  resolved "https://registry.yarnpkg.com/@urql/core/-/core-2.1.5.tgz#8fbc0846d6020cee89dadbee07ffb0a618ab29d8"
  integrity sha512-iX30xZ6exdJbajv2S4gxVP+1ZEh57x9gEuUrpOCLWZp84970XDSo82xoz+11I+NGWiQNZfbIs6LTLaie/iG3OQ==
  dependencies:
    "@graphql-typed-document-node/core" "^3.1.0"
    wonka "^4.0.14"

"@xtoken/abis@^0.1.17":
  version "0.1.17"
  resolved "https://registry.yarnpkg.com/@xtoken/abis/-/abis-0.1.17.tgz#50827efae11990ee95f73c3cb4e76645e87f1977"
  integrity sha512-ygsnf15Y8iVSrqWVeRx0MbxP5m3jS36PIcey3euLtwVej+5XZNhiBTD3q34ORbz2HOPxqilKWHTNJjdEnIUFPA==

"@xtoken/js@^0.1.47":
  version "0.1.47"
  resolved "https://registry.yarnpkg.com/@xtoken/js/-/js-0.1.47.tgz#8d1bd4907afe250fb5ad4943f1ee1082a9b69779"
  integrity sha512-KEJk3fMkXZDltG3kK/R7EvPr88pN26g1JhVp1ZJhKXKxyMnSC/BRgvWk+JbzRAi50kfhKZ0TNajHNHUoTnpIzA==
  dependencies:
    "@dynamic-amm/sdk" "^3.0.8"
    "@uniswap/sdk" "^3.0.3"

abort-controller@^3.0.0:
  version "3.0.0"
  resolved "https://registry.yarnpkg.com/abort-controller/-/abort-controller-3.0.0.tgz#eaf54d53b62bae4138e809ca225c8439a6efb392"
  integrity sha512-h8lQ8tacZYnR3vNQTgibj+tODHI5/+l06Au2Pcriv/Gmet0eaj4TwWH41sO9wnHDiQsEj19q0drzdWdeAHtweg==
  dependencies:
    event-target-shim "^5.0.0"

aes-js@3.0.0:
  version "3.0.0"
  resolved "https://registry.yarnpkg.com/aes-js/-/aes-js-3.0.0.tgz#e21df10ad6c2053295bcbb8dab40b09dbea87e4d"
  integrity sha1-4h3xCtbCBTKVvLuNq0Cwnb6ofk0=

asynckit@^0.4.0:
  version "0.4.0"
  resolved "https://registry.yarnpkg.com/asynckit/-/asynckit-0.4.0.tgz#c79ed97f7f34cb8f2ba1bc9790bcc366474b4b79"
  integrity sha1-x57Zf380y48robyXkLzDZkdLS3k=

axios@^0.21.1:
  version "0.21.1"
  resolved "https://registry.yarnpkg.com/axios/-/axios-0.21.1.tgz#22563481962f4d6bde9a76d516ef0e5d3c09b2b8"
  integrity sha512-dKQiRHxGD9PPRIUNIWvZhPTPpl1rf/OxTYKsqKUDjBwYylTvV7SjSHJb9ratfyzM6wCdLCOYLzs73qpg5c4iGA==
  dependencies:
    follow-redirects "^1.10.0"

bech32@1.1.4:
  version "1.1.4"
  resolved "https://registry.yarnpkg.com/bech32/-/bech32-1.1.4.tgz#e38c9f37bf179b8eb16ae3a772b40c356d4832e9"
  integrity sha512-s0IrSOzLlbvX7yp4WBfPITzpAU8sqQcpsmwXDiKwrG4r491vwCO/XpejasRNl0piBMe/DvP4Tz0mIS/X1DPJBQ==

big.js@^5.2.2:
  version "5.2.2"
  resolved "https://registry.yarnpkg.com/big.js/-/big.js-5.2.2.tgz#65f0af382f578bcdc742bd9c281e9cb2d7768328"
  integrity sha512-vyL2OymJxmarO8gxMr0mhChsO9QGwhynfuu4+MHTAW6czfq9humCB7rKpUjDd9YUiDPU4mzpyupFSvOClAwbmQ==

bn.js@^4.11.9, bn.js@^4.4.0:
  version "4.12.0"
  resolved "https://registry.yarnpkg.com/bn.js/-/bn.js-4.12.0.tgz#775b3f278efbb9718eec7361f483fb36fbbfea88"
  integrity sha512-c98Bf3tPniI+scsdk237ku1Dc3ujXQTSgyiPUDEOe7tRkhrqridvh8klBv0HCEso1OLOYcHuCv/cS6DNxKH+ZA==

brorand@^1.1.0:
  version "1.1.0"
  resolved "https://registry.yarnpkg.com/brorand/-/brorand-1.1.0.tgz#12c25efe40a45e3c323eb8675a0a0ce57b22371f"
  integrity sha1-EsJe/kCkXjwyPrhnWgoM5XsiNx8=

callsites@^3.1.0:
  version "3.1.0"
  resolved "https://registry.yarnpkg.com/callsites/-/callsites-3.1.0.tgz#b3630abd8943432f54b3f0519238e33cd7df2f73"
  integrity sha512-P8BjAsXvZS+VIDUI11hHCQEv74YT67YUi5JJFNWIqL235sBmjX4+qx9Muvls5ivyNENctx46xQLQ3aTuE7ssaQ==

combined-stream@^1.0.8:
  version "1.0.8"
  resolved "https://registry.yarnpkg.com/combined-stream/-/combined-stream-1.0.8.tgz#c3d45a8b34fd730631a110a8a2520682b31d5a7f"
  integrity sha512-FQN4MRfuJeHf7cBbBMJFXhKSDq+2kAArBlmRBvcvFE5BB1HZKXtSFASDhdlz9zOYwxh8lDdnvmMOe/+5cdoEdg==
  dependencies:
    delayed-stream "~1.0.0"

decimal.js-light@^2.5.0:
  version "2.5.1"
  resolved "https://registry.yarnpkg.com/decimal.js-light/-/decimal.js-light-2.5.1.tgz#134fd32508f19e208f4fb2f8dac0d2626a867934"
  integrity sha512-qIMFpTMZmny+MMIitAB6D7iVPEorVw6YQRWkvarTkT4tBeSLLiHzcwj6q0MmYSFCiVpiqPJTJEYIrpcPzVEIvg==

delayed-stream@~1.0.0:
  version "1.0.0"
  resolved "https://registry.yarnpkg.com/delayed-stream/-/delayed-stream-1.0.0.tgz#df3ae199acadfb7d440aaae0b29e2272b24ec619"
  integrity sha1-3zrhmayt+31ECqrgsp4icrJOxhk=

discord-api-types@^0.22.0:
  version "0.22.0"
  resolved "https://registry.yarnpkg.com/discord-api-types/-/discord-api-types-0.22.0.tgz#34dc57fe8e016e5eaac5e393646cd42a7e1ccc2a"
  integrity sha512-l8yD/2zRbZItUQpy7ZxBJwaLX/Bs2TGaCthRppk8Sw24LOIWg12t9JEreezPoYD0SQcC2htNNo27kYEpYW/Srg==

discord.js@^13.0.0-dev.t1628124537.3eb4140:
  version "13.0.0-dev.t1628124537.3eb4140"
  resolved "https://registry.yarnpkg.com/discord.js/-/discord.js-13.0.0-dev.t1628124537.3eb4140.tgz#a22bd919d895cc02dfdae7f148e2b27fc6d53f24"
  integrity sha512-f14hhyXoqxU/LE+6qeLTj+LYgsIKmRF2M6JaMyyUfTjhCvpz0Y3Z0ZKjYRXtQa0jw4WiFlHIYUn5SiVUGoZl+Q==
  dependencies:
    "@discordjs/builders" "^0.3.0"
    "@discordjs/collection" "^0.2.1"
    "@discordjs/form-data" "^3.0.1"
    "@sapphire/async-queue" "^1.1.4"
    "@types/ws" "^7.4.5"
    abort-controller "^3.0.0"
    discord-api-types "^0.22.0"
    node-fetch "^2.6.1"
    ws "^7.5.1"

dot-prop@^6.0.1:
  version "6.0.1"
  resolved "https://registry.yarnpkg.com/dot-prop/-/dot-prop-6.0.1.tgz#fc26b3cf142b9e59b74dbd39ed66ce620c681083"
  integrity sha512-tE7ztYzXHIeyvc7N+hR3oi7FIbf/NIjVP9hmAt3yMXzrQ072/fpjGLx2GxNxGxUl5V73MEqYzioOMoVhGMJ5cA==
  dependencies:
    is-obj "^2.0.0"

elliptic@6.5.4:
  version "6.5.4"
  resolved "https://registry.yarnpkg.com/elliptic/-/elliptic-6.5.4.tgz#da37cebd31e79a1367e941b592ed1fbebd58abbb"
  integrity sha512-iLhC6ULemrljPZb+QutR5TQGB+pdW6KGD5RSegS+8sorOZT+rdQFbsQFJgvN3eRqNALqJer4oQ16YvJHlU8hzQ==
  dependencies:
    bn.js "^4.11.9"
    brorand "^1.1.0"
    hash.js "^1.0.0"
    hmac-drbg "^1.0.1"
    inherits "^2.0.4"
    minimalistic-assert "^1.0.1"
    minimalistic-crypto-utils "^1.0.1"

ethers@5.0.30:
  version "5.0.30"
  resolved "https://registry.yarnpkg.com/ethers/-/ethers-5.0.30.tgz#db440553ad9710bb9f3b1299c6d831cb258cdc8a"
  integrity sha512-CdY/zb8d0uEBaWNmDkAVWXO8FLs2plAPOjgukgYC95L5VKIZzZaCav7PAeG2IqGico4vtNu8l3ibXdXd6FqjrQ==
  dependencies:
    "@ethersproject/abi" "5.0.12"
    "@ethersproject/abstract-provider" "5.0.9"
    "@ethersproject/abstract-signer" "5.0.12"
    "@ethersproject/address" "5.0.10"
    "@ethersproject/base64" "5.0.8"
    "@ethersproject/basex" "5.0.8"
    "@ethersproject/bignumber" "5.0.14"
    "@ethersproject/bytes" "5.0.10"
    "@ethersproject/constants" "5.0.9"
    "@ethersproject/contracts" "5.0.10"
    "@ethersproject/hash" "5.0.11"
    "@ethersproject/hdnode" "5.0.9"
    "@ethersproject/json-wallets" "5.0.11"
    "@ethersproject/keccak256" "5.0.8"
    "@ethersproject/logger" "5.0.9"
    "@ethersproject/networks" "5.0.8"
    "@ethersproject/pbkdf2" "5.0.8"
    "@ethersproject/properties" "5.0.8"
    "@ethersproject/providers" "5.0.22"
    "@ethersproject/random" "5.0.8"
    "@ethersproject/rlp" "5.0.8"
    "@ethersproject/sha2" "5.0.8"
    "@ethersproject/signing-key" "5.0.10"
    "@ethersproject/solidity" "5.0.9"
    "@ethersproject/strings" "5.0.9"
    "@ethersproject/transactions" "5.0.10"
    "@ethersproject/units" "5.0.10"
    "@ethersproject/wallet" "5.0.11"
    "@ethersproject/web" "5.0.13"
    "@ethersproject/wordlists" "5.0.9"

event-target-shim@^5.0.0:
  version "5.0.1"
  resolved "https://registry.yarnpkg.com/event-target-shim/-/event-target-shim-5.0.1.tgz#5d4d3ebdf9583d63a5333ce2deb7480ab2b05789"
  integrity sha512-i/2XbnSz/uxRCU6+NdVJgKWDTM427+MqYbkQzD321DuCQJUqOuJKIA0IM2+W2xtYHdKOmZ4dR6fExsd4SXL+WQ==

follow-redirects@^1.10.0:
  version "1.14.1"
  resolved "https://registry.yarnpkg.com/follow-redirects/-/follow-redirects-1.14.1.tgz#d9114ded0a1cfdd334e164e6662ad02bfd91ff43"
  integrity sha512-HWqDgT7ZEkqRzBvc2s64vSZ/hfOceEol3ac/7tKwzuvEyWx3/4UegXh5oBOIotkGsObyk3xznnSRVADBgWSQVg==

graphql@^15.5.1:
  version "15.5.1"
  resolved "https://registry.yarnpkg.com/graphql/-/graphql-15.5.1.tgz#f2f84415d8985e7b84731e7f3536f8bb9d383aad"
  integrity sha512-FeTRX67T3LoE3LWAxxOlW2K3Bz+rMYAC18rRguK4wgXaTZMiJwSUwDmPFo3UadAKbzirKIg5Qy+sNJXbpPRnQw==

hash.js@1.1.3:
  version "1.1.3"
  resolved "https://registry.yarnpkg.com/hash.js/-/hash.js-1.1.3.tgz#340dedbe6290187151c1ea1d777a3448935df846"
  integrity sha512-/UETyP0W22QILqS+6HowevwhEFJ3MBJnwTf75Qob9Wz9t0DPuisL8kW8YZMK62dHAKE1c1p+gY1TtOLY+USEHA==
  dependencies:
    inherits "^2.0.3"
    minimalistic-assert "^1.0.0"

hash.js@1.1.7, hash.js@^1.0.0, hash.js@^1.0.3:
  version "1.1.7"
  resolved "https://registry.yarnpkg.com/hash.js/-/hash.js-1.1.7.tgz#0babca538e8d4ee4a0f8988d68866537a003cf42"
  integrity sha512-taOaskGt4z4SOANNseOviYDvjEJinIkRgmp7LbKP2YTTmVxWBl87s/uzK9r+44BclBSp2X7K1hqeNfz9JbBeXA==
  dependencies:
    inherits "^2.0.3"
    minimalistic-assert "^1.0.1"

hmac-drbg@^1.0.1:
  version "1.0.1"
  resolved "https://registry.yarnpkg.com/hmac-drbg/-/hmac-drbg-1.0.1.tgz#d2745701025a6c775a6c545793ed502fc0c649a1"
  integrity sha1-0nRXAQJabHdabFRXk+1QL8DGSaE=
  dependencies:
    hash.js "^1.0.3"
    minimalistic-assert "^1.0.0"
    minimalistic-crypto-utils "^1.0.1"

inherits@^2.0.3, inherits@^2.0.4:
  version "2.0.4"
  resolved "https://registry.yarnpkg.com/inherits/-/inherits-2.0.4.tgz#0fa2c64f932917c3433a0ded55363aae37416b7c"
  integrity sha512-k/vGaX4/Yla3WzyMCvTQOXYeIHvqOKtnqBduzTHpzpQZzAskKMhZ2K+EnBiSM9zGSoIFeMpXKxa4dYeZIQqewQ==

is-obj@^2.0.0:
  version "2.0.0"
  resolved "https://registry.yarnpkg.com/is-obj/-/is-obj-2.0.0.tgz#473fb05d973705e3fd9620545018ca8e22ef4982"
  integrity sha512-drqDG3cbczxxEJRoOXcOjtdp1J/lyp1mNn0xaznRs8+muBhgQcrnbspox5X5fOw0HnMnbfDzvnEMEtqDEJEo8w==

js-sha3@0.5.7:
  version "0.5.7"
  resolved "https://registry.yarnpkg.com/js-sha3/-/js-sha3-0.5.7.tgz#0d4ffd8002d5333aabaf4a23eed2f6374c9f28e7"
  integrity sha1-DU/9gALVMzqrr0oj7tL2N0yfKOc=

jsbi@^3.1.1:
  version "3.1.6"
  resolved "https://registry.yarnpkg.com/jsbi/-/jsbi-3.1.6.tgz#572431b0ff4b9c0f5f4b41e214dba76a734e676b"
  integrity sha512-CGjq13y28FrBA5mAU+rsfHaVKEF9jrw3PhzZpIzTeMiPsT0XRDAS6E7QS8/ZTmFQUtl2MDJsxKQoYJzAhF7B1w==

lodash.isequal@^4.5.0:
  version "4.5.0"
  resolved "https://registry.yarnpkg.com/lodash.isequal/-/lodash.isequal-4.5.0.tgz#415c4478f2bcc30120c22ce10ed3226f7d3e18e0"
  integrity sha1-QVxEePK8wwEgwizhDtMib30+GOA=

mime-db@1.49.0:
  version "1.49.0"
  resolved "https://registry.yarnpkg.com/mime-db/-/mime-db-1.49.0.tgz#f3dfde60c99e9cf3bc9701d687778f537001cbed"
  integrity sha512-CIc8j9URtOVApSFCQIF+VBkX1RwXp/oMMOrqdyXSBXq5RWNEsRfyj1kiRnQgmNXmHxPoFIxOroKA3zcU9P+nAA==

mime-types@^2.1.12:
  version "2.1.32"
  resolved "https://registry.yarnpkg.com/mime-types/-/mime-types-2.1.32.tgz#1d00e89e7de7fe02008db61001d9e02852670fd5"
  integrity sha512-hJGaVS4G4c9TSMYh2n6SQAGrC4RnfU+daP8G7cSCmaqNjiOoUY0VHCMS42pxnQmVF1GWwFhbHWn3RIxCqTmZ9A==
  dependencies:
    mime-db "1.49.0"

minimalistic-assert@^1.0.0, minimalistic-assert@^1.0.1:
  version "1.0.1"
  resolved "https://registry.yarnpkg.com/minimalistic-assert/-/minimalistic-assert-1.0.1.tgz#2e194de044626d4a10e7f7fbc00ce73e83e4d5c7"
  integrity sha512-UtJcAD4yEaGtjPezWuO9wC4nwUnVH/8/Im3yEHQP4b67cXlD/Qr9hdITCU1xDbSEXg2XKNaP8jsReV7vQd00/A==

minimalistic-crypto-utils@^1.0.1:
  version "1.0.1"
  resolved "https://registry.yarnpkg.com/minimalistic-crypto-utils/-/minimalistic-crypto-utils-1.0.1.tgz#f6c00c1c0b082246e5c4d99dfb8c7c083b2b582a"
  integrity sha1-9sAMHAsIIkblxNmd+4x8CDsrWCo=

node-fetch@^2.6.1:
  version "2.6.1"
  resolved "https://registry.yarnpkg.com/node-fetch/-/node-fetch-2.6.1.tgz#045bd323631f76ed2e2b55573394416b639a0052"
  integrity sha512-V4aYg89jEoVRxRb2fJdAg8FHvI7cEyYdVAh94HH0UIK8oJxUfkjlDQN9RbMx+bEjP7+ggMiFRprSti032Oipxw==

ow@^0.26.0:
  version "0.26.0"
  resolved "https://registry.yarnpkg.com/ow/-/ow-0.26.0.tgz#5b8f61221ab31431f964caa6eaa0ed574e21a56e"
  integrity sha512-22YUQW9d6oUSCpIQuBV25djtC1uMtpWqmtUYnuh2UHWeNMpppCFCvq3eSBIWWMDbe2UVq26kWYvBHDzOIu5NYg==
  dependencies:
    "@sindresorhus/is" "^4.0.1"
    callsites "^3.1.0"
    dot-prop "^6.0.1"
    lodash.isequal "^4.5.0"
    type-fest "^1.2.1"
    vali-date "^1.0.0"

scrypt-js@3.0.1:
  version "3.0.1"
  resolved "https://registry.yarnpkg.com/scrypt-js/-/scrypt-js-3.0.1.tgz#d314a57c2aef69d1ad98a138a21fe9eafa9ee312"
  integrity sha512-cdwTTnqPu0Hyvf5in5asVdZocVDTNRmR7XEcJuIzMjJeSHybHl7vpB66AzwTaIg6CLSbtjcxc8fqcySfnTkccA==

tiny-invariant@^1.1.0:
  version "1.1.0"
  resolved "https://registry.yarnpkg.com/tiny-invariant/-/tiny-invariant-1.1.0.tgz#634c5f8efdc27714b7f386c35e6760991d230875"
  integrity sha512-ytxQvrb1cPc9WBEI/HSeYYoGD0kWnGEOR8RY6KomWLBVhqz0RgTwVO9dLrGz7dC+nN9llyI7OKAgRq8Vq4ZBSw==

tiny-warning@^1.0.3:
  version "1.0.3"
  resolved "https://registry.yarnpkg.com/tiny-warning/-/tiny-warning-1.0.3.tgz#94a30db453df4c643d0fd566060d60a875d84754"
  integrity sha512-lBN9zLN/oAf68o3zNXYrdCt1kP8WsiGW8Oo2ka41b2IM5JL/S1CTyX1rW0mb/zSuJun0ZUrDxx4sqvYS2FWzPA==

toformat@^2.0.0:
  version "2.0.0"
  resolved "https://registry.yarnpkg.com/toformat/-/toformat-2.0.0.tgz#7a043fd2dfbe9021a4e36e508835ba32056739d8"
  integrity sha512-03SWBVop6nU8bpyZCx7SodpYznbZF5R4ljwNLBcTQzKOD9xuihRo/psX58llS1BMFhhAI08H3luot5GoXJz2pQ==

ts-mixer@^5.4.1:
  version "5.4.1"
  resolved "https://registry.yarnpkg.com/ts-mixer/-/ts-mixer-5.4.1.tgz#b90db9ced48531aa17ce9184a2890d1e3c99b1e5"
  integrity sha512-Zo9HgPCtNouDgJ+LGtrzVOjSg8+7WGQktIKLwAfaNrlOK1mWGlz1ejsAF/YqUEqAGjUTeB5fEg8gH9Aui6w9xA==

tslib@^2.3.0:
  version "2.3.0"
  resolved "https://registry.yarnpkg.com/tslib/-/tslib-2.3.0.tgz#803b8cdab3e12ba581a4ca41c8839bbb0dacb09e"
  integrity sha512-N82ooyxVNm6h1riLCoyS9e3fuJ3AMG2zIZs2Gd1ATcSFjSA23Q0fzjjZeh0jbJvWVDZ0cJT8yaNNaaXHzueNjg==

type-fest@^1.2.1:
  version "1.3.0"
  resolved "https://registry.yarnpkg.com/type-fest/-/type-fest-1.3.0.tgz#6be848243853df1173fa95530112e1358ab0810b"
  integrity sha512-mYUYkAy6fPatVWtUeCV/qGeGL3IVucmdJOzeAEfwgCJDx8gP0JaW8jn6KQ5xDfPec31e0KXWn5EUOZMhquR1zA==

vali-date@^1.0.0:
  version "1.0.0"
  resolved "https://registry.yarnpkg.com/vali-date/-/vali-date-1.0.0.tgz#1b904a59609fb328ef078138420934f6b86709a6"
  integrity sha1-G5BKWWCfsyjvB4E4Qgk09rhnCaY=

wonka@^4.0.14:
  version "4.0.15"
  resolved "https://registry.yarnpkg.com/wonka/-/wonka-4.0.15.tgz#9aa42046efa424565ab8f8f451fcca955bf80b89"
  integrity sha512-U0IUQHKXXn6PFo9nqsHphVCE5m3IntqZNB9Jjn7EB1lrR7YTDY3YWgFvEvwniTzXSvOH/XMzAZaIfJF/LvHYXg==

ws@7.2.3:
  version "7.2.3"
  resolved "https://registry.yarnpkg.com/ws/-/ws-7.2.3.tgz#a5411e1fb04d5ed0efee76d26d5c46d830c39b46"
  integrity sha512-HTDl9G9hbkNDk98naoR/cHDws7+EyYMOdL1BmjsZXRUjf7d+MficC4B7HLUPlSiho0vg+CWKrGIt/VJBd1xunQ==

ws@7.4.6:
  version "7.4.6"
  resolved "https://registry.yarnpkg.com/ws/-/ws-7.4.6.tgz#5654ca8ecdeee47c33a9a4bf6d28e2be2980377c"
  integrity sha512-YmhHDO4MzaDLB+M9ym/mDA5z0naX8j7SIlT8f8z+I0VtzsRbekxEutHSme7NPS2qE8StCYQNUnfWdXta/Yu85A==

ws@^7.5.1:
  version "7.5.3"
  resolved "https://registry.yarnpkg.com/ws/-/ws-7.5.3.tgz#160835b63c7d97bfab418fc1b8a9fced2ac01a74"
  integrity sha512-kQ/dHIzuLrS6Je9+uv81ueZomEwH0qVYstcAQ4/Z93K8zeko9gtAbttJWzoC5ukqXY1PpoouV3+VSOqEAFt5wg==
